
Microsoft Visual Studio Solution File, Format Version 12.00
# Visual Studio 14
VisualStudioVersion = 14.0.25420.1
MinimumVisualStudioVersion = 10.0.40219.1
Project("{2150E333-8FDC-42A3-9474-1A3956D46DE8}") = "src", "src", "{81A2B20A-0C5C-42B2-B50A-68514039AAB0}"
EndProject
Project("{2150E333-8FDC-42A3-9474-1A3956D46DE8}") = "Solution Items", "Solution Items", "{E5B169ED-8D18-4121-9A6C-63C154948A3A}"
	ProjectSection(SolutionItems) = preProject
		global.json = global.json
	EndProjectSection
EndProject
Project("{8BB2217D-0F2D-49D1-97BC-3654ED321F3B}") = "BitzerIoC.Admin", "src\BitzerIoC.Admin\BitzerIoC.Admin.xproj", "{D599C132-30C1-4D3D-B01B-DD4A70107897}"
EndProject
Project("{8BB2217D-0F2D-49D1-97BC-3654ED321F3B}") = "BitzerIoC.Domain", "src\BitzerIoC.Domain\BitzerIoC.Domain.xproj", "{89D2824C-C12F-4EC3-8CDB-7728EA56219B}"
EndProject
Project("{8BB2217D-0F2D-49D1-97BC-3654ED321F3B}") = "BitzerIoC.Infrastructure", "src\BitzerIoC.Infrastructure\BitzerIoC.Infrastructure.xproj", "{AFDC0946-FA1C-48F9-A197-917BC18C21C8}"
EndProject
Project("{8BB2217D-0F2D-49D1-97BC-3654ED321F3B}") = "BitzerIoC.Services", "src\BitzerIoC.Services\BitzerIoC.Services.xproj", "{EC2B24C2-0FD7-4488-A4B4-DD259B8E8430}"
EndProject
Project("{8BB2217D-0F2D-49D1-97BC-3654ED321F3B}") = "IdentityServer", "src\IdentityServer\IdentityServer.xproj", "{784B3C88-30FA-415D-B99E-584063064508}"
EndProject
Project("{8BB2217D-0F2D-49D1-97BC-3654ED321F3B}") = "BitzerIoC.WebAPI", "src\BitzerIoC.WebAPI\BitzerIoC.WebAPI.xproj", "{17853E5E-2556-4051-B9C3-FD3382A6ADF4}"
EndProject
Project("{2150E333-8FDC-42A3-9474-1A3956D46DE8}") = "test", "test", "{9286E9C8-E2C2-48E2-B553-FD1BA088E2C8}"
EndProject
Project("{8BB2217D-0F2D-49D1-97BC-3654ED321F3B}") = "BitzerIoC.IntegrationTest", "BitzerIoC.IntegrationTest\BitzerIoC.IntegrationTest.xproj", "{3618C91B-71CD-4302-8738-F77D4A453859}"
EndProject
Project("{8BB2217D-0F2D-49D1-97BC-3654ED321F3B}") = "BitzerIoC.xUnitTest", "BitzerIoC.xUnitTest\BitzerIoC.xUnitTest.xproj", "{68174DE3-8EF6-42BA-A11B-2AE205FE7894}"
EndProject
Project("{8BB2217D-0F2D-49D1-97BC-3654ED321F3B}") = "BitzerIoC", "src\BitzerIoC\BitzerIoC.xproj", "{1F646229-D191-4E04-B177-81F232B733E3}"
EndProject
Global
	GlobalSection(SolutionConfigurationPlatforms) = preSolution
		Debug|Any CPU = Debug|Any CPU
		Release|Any CPU = Release|Any CPU
	EndGlobalSection
	GlobalSection(ProjectConfigurationPlatforms) = postSolution
		{D599C132-30C1-4D3D-B01B-DD4A70107897}.Debug|Any CPU.ActiveCfg = Debug|Any CPU
		{D599C132-30C1-4D3D-B01B-DD4A70107897}.Debug|Any CPU.Build.0 = Debug|Any CPU
		{D599C132-30C1-4D3D-B01B-DD4A70107897}.Release|Any CPU.ActiveCfg = Release|Any CPU
		{D599C132-30C1-4D3D-B01B-DD4A70107897}.Release|Any CPU.Build.0 = Release|Any CPU
		{89D2824C-C12F-4EC3-8CDB-7728EA56219B}.Debug|Any CPU.ActiveCfg = Debug|Any CPU
		{89D2824C-C12F-4EC3-8CDB-7728EA56219B}.Debug|Any CPU.Build.0 = Debug|Any CPU
		{89D2824C-C12F-4EC3-8CDB-7728EA56219B}.Release|Any CPU.ActiveCfg = Release|Any CPU
		{89D2824C-C12F-4EC3-8CDB-7728EA56219B}.Release|Any CPU.Build.0 = Release|Any CPU
		{AFDC0946-FA1C-48F9-A197-917BC18C21C8}.Debug|Any CPU.ActiveCfg = Debug|Any CPU
		{AFDC0946-FA1C-48F9-A197-917BC18C21C8}.Debug|Any CPU.Build.0 = Debug|Any CPU
		{AFDC0946-FA1C-48F9-A197-917BC18C21C8}.Release|Any CPU.ActiveCfg = Release|Any CPU
		{AFDC0946-FA1C-48F9-A197-917BC18C21C8}.Release|Any CPU.Build.0 = Release|Any CPU
		{EC2B24C2-0FD7-4488-A4B4-DD259B8E8430}.Debug|Any CPU.ActiveCfg = Debug|Any CPU
		{EC2B24C2-0FD7-4488-A4B4-DD259B8E8430}.Debug|Any CPU.Build.0 = Debug|Any CPU
		{EC2B24C2-0FD7-4488-A4B4-DD259B8E8430}.Release|Any CPU.ActiveCfg = Release|Any CPU
		{EC2B24C2-0FD7-4488-A4B4-DD259B8E8430}.Release|Any CPU.Build.0 = Release|Any CPU
		{784B3C88-30FA-415D-B99E-584063064508}.Debug|Any CPU.ActiveCfg = Debug|Any CPU
		{784B3C88-30FA-415D-B99E-584063064508}.Debug|Any CPU.Build.0 = Debug|Any CPU
		{784B3C88-30FA-415D-B99E-584063064508}.Release|Any CPU.ActiveCfg = Release|Any CPU
		{784B3C88-30FA-415D-B99E-584063064508}.Release|Any CPU.Build.0 = Release|Any CPU
		{17853E5E-2556-4051-B9C3-FD3382A6ADF4}.Debug|Any CPU.ActiveCfg = Debug|Any CPU
		{17853E5E-2556-4051-B9C3-FD3382A6ADF4}.Debug|Any CPU.Build.0 = Debug|Any CPU
		{17853E5E-2556-4051-B9C3-FD3382A6ADF4}.Release|Any CPU.ActiveCfg = Release|Any CPU
		{17853E5E-2556-4051-B9C3-FD3382A6ADF4}.Release|Any CPU.Build.0 = Release|Any CPU
		{3618C91B-71CD-4302-8738-F77D4A453859}.Debug|Any CPU.ActiveCfg = Debug|Any CPU
		{3618C91B-71CD-4302-8738-F77D4A453859}.Debug|Any CPU.Build.0 = Debug|Any CPU
		{3618C91B-71CD-4302-8738-F77D4A453859}.Release|Any CPU.ActiveCfg = Release|Any CPU
		{3618C91B-71CD-4302-8738-F77D4A453859}.Release|Any CPU.Build.0 = Release|Any CPU
		{68174DE3-8EF6-42BA-A11B-2AE205FE7894}.Debug|Any CPU.ActiveCfg = Debug|Any CPU
		{68174DE3-8EF6-42BA-A11B-2AE205FE7894}.Debug|Any CPU.Build.0 = Debug|Any CPU
		{68174DE3-8EF6-42BA-A11B-2AE205FE7894}.Release|Any CPU.ActiveCfg = Release|Any CPU
		{68174DE3-8EF6-42BA-A11B-2AE205FE7894}.Release|Any CPU.Build.0 = Release|Any CPU
		{1F646229-D191-4E04-B177-81F232B733E3}.Debug|Any CPU.ActiveCfg = Debug|Any CPU
		{1F646229-D191-4E04-B177-81F232B733E3}.Debug|Any CPU.Build.0 = Debug|Any CPU
		{1F646229-D191-4E04-B177-81F232B733E3}.Release|Any CPU.ActiveCfg = Release|Any CPU
		{1F646229-D191-4E04-B177-81F232B733E3}.Release|Any CPU.Build.0 = Release|Any CPU
	EndGlobalSection
	GlobalSection(SolutionProperties) = preSolution
		HideSolutionNode = FALSE
	EndGlobalSection
	GlobalSection(NestedProjects) = preSolution
		{D599C132-30C1-4D3D-B01B-DD4A70107897} = {81A2B20A-0C5C-42B2-B50A-68514039AAB0}
		{89D2824C-C12F-4EC3-8CDB-7728EA56219B} = {81A2B20A-0C5C-42B2-B50A-68514039AAB0}
		{AFDC0946-FA1C-48F9-A197-917BC18C21C8} = {81A2B20A-0C5C-42B2-B50A-68514039AAB0}
		{EC2B24C2-0FD7-4488-A4B4-DD259B8E8430} = {81A2B20A-0C5C-42B2-B50A-68514039AAB0}
		{784B3C88-30FA-415D-B99E-584063064508} = {81A2B20A-0C5C-42B2-B50A-68514039AAB0}
		{17853E5E-2556-4051-B9C3-FD3382A6ADF4} = {81A2B20A-0C5C-42B2-B50A-68514039AAB0}
		{3618C91B-71CD-4302-8738-F77D4A453859} = {9286E9C8-E2C2-48E2-B553-FD1BA088E2C8}
		{68174DE3-8EF6-42BA-A11B-2AE205FE7894} = {9286E9C8-E2C2-48E2-B553-FD1BA088E2C8}
		{1F646229-D191-4E04-B177-81F232B733E3} = {81A2B20A-0C5C-42B2-B50A-68514039AAB0}
	EndGlobalSection
EndGlobal
